
Microsoft Visual Studio Solution File, Format Version 12.00
# Visual Studio Version 17
VisualStudioVersion = 17.11.35222.181
MinimumVisualStudioVersion = 10.0.40219.1
Project("{FAE04EC0-301F-11D3-BF4B-00C04F79EFBC}") = "Templ", "Templ\Templ.csproj", "{0EBA605A-DFAE-459F-9455-DDD3CAF7ABAD}"
EndProject
Global
	GlobalSection(SolutionConfigurationPlatforms) = preSolution
		Debug|Any CPU = Debug|Any CPU
		Release|Any CPU = Release|Any CPU
	EndGlobalSection
	GlobalSection(ProjectConfigurationPlatforms) = postSolution
		{0EBA605A-DFAE-459F-9455-DDD3CAF7ABAD}.Debug|Any CPU.ActiveCfg = Debug|Any CPU
		{0EBA605A-DFAE-459F-9455-DDD3CAF7ABAD}.Debug|Any CPU.Build.0 = Debug|Any CPU
		{0EBA605A-DFAE-459F-9455-DDD3CAF7ABAD}.Release|Any CPU.ActiveCfg = Release|Any CPU
		{0EBA605A-DFAE-459F-9455-DDD3CAF7ABAD}.Release|Any CPU.Build.0 = Release|Any CPU
	EndGlobalSection
	GlobalSection(SolutionProperties) = preSolution
		HideSolutionNode = FALSE
	EndGlobalSection
	GlobalSection(ExtensibilityGlobals) = postSolution
		SolutionGuid = {78604704-1652-4B5E-97A7-ACA6593794F2}
	EndGlobalSection
EndGlobal
